
Microsoft Visual Studio Solution File, Format Version 12.00
# Visual Studio 15
Project("{FAE04EC0-301F-11D3-BF4B-00C04F79EFBC}") = "Assembly-CSharp", "Assembly-CSharp.csproj", "{4EF2E792-EE5B-D296-632C-201E50524938}"
EndProject
Project("{FAE04EC0-301F-11D3-BF4B-00C04F79EFBC}") = "Assembly-CSharp-Editor", "Assembly-CSharp-Editor.csproj", "{0D597FED-360C-80FE-44DF-96CFE963F467}"
EndProject
Global
	GlobalSection(SolutionConfigurationPlatforms) = preSolution
		Debug|Any CPU = Debug|Any CPU
		Release|Any CPU = Release|Any CPU
	EndGlobalSection
	GlobalSection(ProjectConfigurationPlatforms) = postSolution
		{4EF2E792-EE5B-D296-632C-201E50524938}.Debug|Any CPU.ActiveCfg = Debug|Any CPU
		{4EF2E792-EE5B-D296-632C-201E50524938}.Debug|Any CPU.Build.0 = Debug|Any CPU
		{4EF2E792-EE5B-D296-632C-201E50524938}.Release|Any CPU.ActiveCfg = Release|Any CPU
		{4EF2E792-EE5B-D296-632C-201E50524938}.Release|Any CPU.Build.0 = Release|Any CPU
		{0D597FED-360C-80FE-44DF-96CFE963F467}.Debug|Any CPU.ActiveCfg = Debug|Any CPU
		{0D597FED-360C-80FE-44DF-96CFE963F467}.Debug|Any CPU.Build.0 = Debug|Any CPU
		{0D597FED-360C-80FE-44DF-96CFE963F467}.Release|Any CPU.ActiveCfg = Release|Any CPU
		{0D597FED-360C-80FE-44DF-96CFE963F467}.Release|Any CPU.Build.0 = Release|Any CPU
	EndGlobalSection
	GlobalSection(SolutionProperties) = preSolution
		HideSolutionNode = FALSE
	EndGlobalSection
EndGlobal
